
Microsoft Visual Studio Solution File, Format Version 12.00
# Visual Studio Version 17
VisualStudioVersion = 17.13.35825.156 d17.13
MinimumVisualStudioVersion = 10.0.40219.1
Project("{FAE04EC0-301F-11D3-BF4B-00C04F79EFBC}") = "Ficha2", "Ficha2\Ficha2.csproj", "{32C58122-9F84-4553-959B-12BCE6D5756A}"
EndProject
Global
	GlobalSection(SolutionConfigurationPlatforms) = preSolution
		Debug|Any CPU = Debug|Any CPU
		Release|Any CPU = Release|Any CPU
	EndGlobalSection
	GlobalSection(ProjectConfigurationPlatforms) = postSolution
		{32C58122-9F84-4553-959B-12BCE6D5756A}.Debug|Any CPU.ActiveCfg = Debug|Any CPU
		{32C58122-9F84-4553-959B-12BCE6D5756A}.Debug|Any CPU.Build.0 = Debug|Any CPU
		{32C58122-9F84-4553-959B-12BCE6D5756A}.Release|Any CPU.ActiveCfg = Release|Any CPU
		{32C58122-9F84-4553-959B-12BCE6D5756A}.Release|Any CPU.Build.0 = Release|Any CPU
	EndGlobalSection
	GlobalSection(SolutionProperties) = preSolution
		HideSolutionNode = FALSE
	EndGlobalSection
	GlobalSection(ExtensibilityGlobals) = postSolution
		SolutionGuid = {FFF571EB-F0DE-477F-B268-1E8E732B3367}
	EndGlobalSection
EndGlobal
